// !$*UTF8*$!
{
	archiveVersion = 1;
	classes = {
	};
	objectVersion = 46;
	objects = {

/* Begin PBXBuildFile section */
		5DE8627D1F54D7A700A7AFB7 /* main.m in Sources */ = {isa = PBXBuildFile; fileRef = 5DE8627C1F54D7A700A7AFB7 /* main.m */; };
		5DE862801F54D7A700A7AFB7 /* AppDelegate.m in Sources */ = {isa = PBXBuildFile; fileRef = 5DE8627F1F54D7A700A7AFB7 /* AppDelegate.m */; };
		5DE862861F54D7A700A7AFB7 /* Main.storyboard in Resources */ = {isa = PBXBuildFile; fileRef = 5DE862841F54D7A700A7AFB7 /* Main.storyboard */; };
		5DE862891F54D7A700A7AFB7 /* TryBasicCoreData.xcdatamodeld in Sources */ = {isa = PBXBuildFile; fileRef = 5DE862871F54D7A700A7AFB7 /* TryBasicCoreData.xcdatamodeld */; };
		5DE8628B1F54D7A700A7AFB7 /* Assets.xcassets in Resources */ = {isa = PBXBuildFile; fileRef = 5DE8628A1F54D7A700A7AFB7 /* Assets.xcassets */; };
		5DE8628E1F54D7A700A7AFB7 /* LaunchScreen.storyboard in Resources */ = {isa = PBXBuildFile; fileRef = 5DE8628C1F54D7A700A7AFB7 /* LaunchScreen.storyboard */; };
		5DE8629B1F54D7DD00A7AFB7 /* AddViewController.m in Sources */ = {isa = PBXBuildFile; fileRef = 5DE862961F54D7DD00A7AFB7 /* AddViewController.m */; };
		5DE8629C1F54D7DD00A7AFB7 /* CreditCardInfoTableViewCell.m in Sources */ = {isa = PBXBuildFile; fileRef = 5DE862981F54D7DD00A7AFB7 /* CreditCardInfoTableViewCell.m */; };
		5DE8629D1F54D7DD00A7AFB7 /* ListViewController.m in Sources */ = {isa = PBXBuildFile; fileRef = 5DE8629A1F54D7DD00A7AFB7 /* ListViewController.m */; };
		5DE862B41F54EC8E00A7AFB7 /* CreditCardInfo+CoreDataClass.m in Sources */ = {isa = PBXBuildFile; fileRef = 5DE862B11F54EC8E00A7AFB7 /* CreditCardInfo+CoreDataClass.m */; };
		5DE862B51F54EC8E00A7AFB7 /* CreditCardInfo+CoreDataProperties.m in Sources */ = {isa = PBXBuildFile; fileRef = 5DE862B31F54EC8E00A7AFB7 /* CreditCardInfo+CoreDataProperties.m */; };
/* End PBXBuildFile section */

/* Begin PBXFileReference section */
		5DE862781F54D7A700A7AFB7 /* TryBasicCoreData.app */ = {isa = PBXFileReference; explicitFileType = wrapper.application; includeInIndex = 0; path = TryBasicCoreData.app; sourceTree = BUILT_PRODUCTS_DIR; };
		5DE8627C1F54D7A700A7AFB7 /* main.m */ = {isa = PBXFileReference; lastKnownFileType = sourcecode.c.objc; path = main.m; sourceTree = "<group>"; };
		5DE8627E1F54D7A700A7AFB7 /* AppDelegate.h */ = {isa = PBXFileReference; lastKnownFileType = sourcecode.c.h; path = AppDelegate.h; sourceTree = "<group>"; };
		5DE8627F1F54D7A700A7AFB7 /* AppDelegate.m */ = {isa = PBXFileReference; lastKnownFileType = sourcecode.c.objc; path = AppDelegate.m; sourceTree = "<group>"; };
		5DE862851F54D7A700A7AFB7 /* Base */ = {isa = PBXFileReference; lastKnownFileType = file.storyboard; name = Base; path = Base.lproj/Main.storyboard; sourceTree = "<group>"; };
		5DE862881F54D7A700A7AFB7 /* TryBasicCoreData.xcdatamodel */ = {isa = PBXFileReference; lastKnownFileType = wrapper.xcdatamodel; path = TryBasicCoreData.xcdatamodel; sourceTree = "<group>"; };
		5DE8628A1F54D7A700A7AFB7 /* Assets.xcassets */ = {isa = PBXFileReference; lastKnownFileType = folder.assetcatalog; path = Assets.xcassets; sourceTree = "<group>"; };
		5DE8628D1F54D7A700A7AFB7 /* Base */ = {isa = PBXFileReference; lastKnownFileType = file.storyboard; name = Base; path = Base.lproj/LaunchScreen.storyboard; sourceTree = "<group>"; };
		5DE8628F1F54D7A700A7AFB7 /* Info.plist */ = {isa = PBXFileReference; lastKnownFileType = text.plist.xml; path = Info.plist; sourceTree = "<group>"; };
		5DE862951F54D7DD00A7AFB7 /* AddViewController.h */ = {isa = PBXFileReference; fileEncoding = 4; lastKnownFileType = sourcecode.c.h; path = AddViewController.h; sourceTree = "<group>"; };
		5DE862961F54D7DD00A7AFB7 /* AddViewController.m */ = {isa = PBXFileReference; fileEncoding = 4; lastKnownFileType = sourcecode.c.objc; path = AddViewController.m; sourceTree = "<group>"; };
		5DE862971F54D7DD00A7AFB7 /* CreditCardInfoTableViewCell.h */ = {isa = PBXFileReference; fileEncoding = 4; lastKnownFileType = sourcecode.c.h; path = CreditCardInfoTableViewCell.h; sourceTree = "<group>"; };
		5DE862981F54D7DD00A7AFB7 /* CreditCardInfoTableViewCell.m */ = {isa = PBXFileReference; fileEncoding = 4; lastKnownFileType = sourcecode.c.objc; path = CreditCardInfoTableViewCell.m; sourceTree = "<group>"; };
		5DE862991F54D7DD00A7AFB7 /* ListViewController.h */ = {isa = PBXFileReference; fileEncoding = 4; lastKnownFileType = sourcecode.c.h; path = ListViewController.h; sourceTree = "<group>"; };
		5DE8629A1F54D7DD00A7AFB7 /* ListViewController.m */ = {isa = PBXFileReference; fileEncoding = 4; lastKnownFileType = sourcecode.c.objc; path = ListViewController.m; sourceTree = "<group>"; };
		5DE862B01F54EC8E00A7AFB7 /* CreditCardInfo+CoreDataClass.h */ = {isa = PBXFileReference; fileEncoding = 4; lastKnownFileType = sourcecode.c.h; path = "CreditCardInfo+CoreDataClass.h"; sourceTree = "<group>"; };
		5DE862B11F54EC8E00A7AFB7 /* CreditCardInfo+CoreDataClass.m */ = {isa = PBXFileReference; fileEncoding = 4; lastKnownFileType = sourcecode.c.objc; path = "CreditCardInfo+CoreDataClass.m"; sourceTree = "<group>"; };
		5DE862B21F54EC8E00A7AFB7 /* CreditCardInfo+CoreDataProperties.h */ = {isa = PBXFileReference; fileEncoding = 4; lastKnownFileType = sourcecode.c.h; path = "CreditCardInfo+CoreDataProperties.h"; sourceTree = "<group>"; };
		5DE862B31F54EC8E00A7AFB7 /* CreditCardInfo+CoreDataProperties.m */ = {isa = PBXFileReference; fileEncoding = 4; lastKnownFileType = sourcecode.c.objc; path = "CreditCardInfo+CoreDataProperties.m"; sourceTree = "<group>"; };
		5DE862B61F553EA600A7AFB7 /* TryBasicCoreData.entitlements */ = {isa = PBXFileReference; lastKnownFileType = text.plist.entitlements; path = TryBasicCoreData.entitlements; sourceTree = "<group>"; };
/* End PBXFileReference section */

/* Begin PBXFrameworksBuildPhase section */
		5DE862751F54D7A700A7AFB7 /* Frameworks */ = {
			isa = PBXFrameworksBuildPhase;
			buildActionMask = 2147483647;
			files = (
			);
			runOnlyForDeploymentPostprocessing = 0;
		};
/* End PBXFrameworksBuildPhase section */

/* Begin PBXGroup section */
		5DE8626F1F54D7A700A7AFB7 = {
			isa = PBXGroup;
			children = (
				5DE8627A1F54D7A700A7AFB7 /* TryBasicCoreData */,
				5DE862791F54D7A700A7AFB7 /* Products */,
			);
			sourceTree = "<group>";
		};
		5DE862791F54D7A700A7AFB7 /* Products */ = {
			isa = PBXGroup;
			children = (
				5DE862781F54D7A700A7AFB7 /* TryBasicCoreData.app */,
			);
			name = Products;
			sourceTree = "<group>";
		};
		5DE8627A1F54D7A700A7AFB7 /* TryBasicCoreData */ = {
			isa = PBXGroup;
			children = (
				5DE862B61F553EA600A7AFB7 /* TryBasicCoreData.entitlements */,
				5DE8627E1F54D7A700A7AFB7 /* AppDelegate.h */,
				5DE8627F1F54D7A700A7AFB7 /* AppDelegate.m */,
				5DE862951F54D7DD00A7AFB7 /* AddViewController.h */,
				5DE862961F54D7DD00A7AFB7 /* AddViewController.m */,
				5DE862971F54D7DD00A7AFB7 /* CreditCardInfoTableViewCell.h */,
				5DE862981F54D7DD00A7AFB7 /* CreditCardInfoTableViewCell.m */,
				5DE862991F54D7DD00A7AFB7 /* ListViewController.h */,
				5DE8629A1F54D7DD00A7AFB7 /* ListViewController.m */,
				5DE862B01F54EC8E00A7AFB7 /* CreditCardInfo+CoreDataClass.h */,
				5DE862B11F54EC8E00A7AFB7 /* CreditCardInfo+CoreDataClass.m */,
				5DE862B21F54EC8E00A7AFB7 /* CreditCardInfo+CoreDataProperties.h */,
				5DE862B31F54EC8E00A7AFB7 /* CreditCardInfo+CoreDataProperties.m */,
				5DE862841F54D7A700A7AFB7 /* Main.storyboard */,
				5DE8628A1F54D7A700A7AFB7 /* Assets.xcassets */,
				5DE8628C1F54D7A700A7AFB7 /* LaunchScreen.storyboard */,
				5DE8628F1F54D7A700A7AFB7 /* Info.plist */,
				5DE862871F54D7A700A7AFB7 /* TryBasicCoreData.xcdatamodeld */,
				5DE8627B1F54D7A700A7AFB7 /* Supporting Files */,
			);
			path = TryBasicCoreData;
			sourceTree = "<group>";
		};
		5DE8627B1F54D7A700A7AFB7 /* Supporting Files */ = {
			isa = PBXGroup;
			children = (
				5DE8627C1F54D7A700A7AFB7 /* main.m */,
			);
			name = "Supporting Files";
			sourceTree = "<group>";
		};
/* End PBXGroup section */

/* Begin PBXNativeTarget section */
		5DE862771F54D7A700A7AFB7 /* TryBasicCoreData */ = {
			isa = PBXNativeTarget;
			buildConfigurationList = 5DE862921F54D7A700A7AFB7 /* Build configuration list for PBXNativeTarget "TryBasicCoreData" */;
			buildPhases = (
				5DE862741F54D7A700A7AFB7 /* Sources */,
				5DE862751F54D7A700A7AFB7 /* Frameworks */,
				5DE862761F54D7A700A7AFB7 /* Resources */,
			);
			buildRules = (
			);
			dependencies = (
			);
			name = TryBasicCoreData;
			productName = TryBasicCoreData;
			productReference = 5DE862781F54D7A700A7AFB7 /* TryBasicCoreData.app */;
			productType = "com.apple.product-type.application";
		};
/* End PBXNativeTarget section */

/* Begin PBXProject section */
		5DE862701F54D7A700A7AFB7 /* Project object */ = {
			isa = PBXProject;
			attributes = {
				LastUpgradeCheck = 0830;
				ORGANIZATIONNAME = "pavan krishna";
				TargetAttributes = {
					5DE862771F54D7A700A7AFB7 = {
						CreatedOnToolsVersion = 8.3.3;
						DevelopmentTeam = RD3D64KZ4A;
						ProvisioningStyle = Automatic;
						SystemCapabilities = {
							com.apple.DataProtection = {
								enabled = 1;
							};
						};
					};
				};
			};
			buildConfigurationList = 5DE862731F54D7A700A7AFB7 /* Build configuration list for PBXProject "TryBasicCoreData" */;
			compatibilityVersion = "Xcode 3.2";
			developmentRegion = English;
			hasScannedForEncodings = 0;
			knownRegions = (
				en,
				Base,
			);
			mainGroup = 5DE8626F1F54D7A700A7AFB7;
			productRefGroup = 5DE862791F54D7A700A7AFB7 /* Products */;
			projectDirPath = "";
			projectRoot = "";
			targets = (
				5DE862771F54D7A700A7AFB7 /* TryBasicCoreData */,
			);
		};
/* End PBXProject section */

/* Begin PBXResourcesBuildPhase section */
		5DE862761F54D7A700A7AFB7 /* Resources */ = {
			isa = PBXResourcesBuildPhase;
			buildActionMask = 2147483647;
			files = (
				5DE8628E1F54D7A700A7AFB7 /* LaunchScreen.storyboard in Resources */,
				5DE8628B1F54D7A700A7AFB7 /* Assets.xcassets in Resources */,
				5DE862861F54D7A700A7AFB7 /* Main.storyboard in Resources */,
			);
			runOnlyForDeploymentPostprocessing = 0;
		};
/* End PBXResourcesBuildPhase section */

/* Begin PBXSourcesBuildPhase section */
		5DE862741F54D7A700A7AFB7 /* Sources */ = {
			isa = PBXSourcesBuildPhase;
			buildActionMask = 2147483647;
			files = (
				5DE8629C1F54D7DD00A7AFB7 /* CreditCardInfoTableViewCell.m in Sources */,
				5DE8629B1F54D7DD00A7AFB7 /* AddViewController.m in Sources */,
				5DE862B51F54EC8E00A7AFB7 /* CreditCardInfo+CoreDataProperties.m in Sources */,
				5DE8629D1F54D7DD00A7AFB7 /* ListViewController.m in Sources */,
				5DE862891F54D7A700A7AFB7 /* TryBasicCoreData.xcdatamodeld in Sources */,
				5DE862801F54D7A700A7AFB7 /* AppDelegate.m in Sources */,
				5DE862B41F54EC8E00A7AFB7 /* CreditCardInfo+CoreDataClass.m in Sources */,
				5DE8627D1F54D7A700A7AFB7 /* main.m in Sources */,
			);
			runOnlyForDeploymentPostprocessing = 0;
		};
/* End PBXSourcesBuildPhase section */

/* Begin PBXVariantGroup section */
		5DE862841F54D7A700A7AFB7 /* Main.storyboard */ = {
			isa = PBXVariantGroup;
			children = (
				5DE862851F54D7A700A7AFB7 /* Base */,
			);
			name = Main.storyboard;
			sourceTree = "<group>";
		};
		5DE8628C1F54D7A700A7AFB7 /* LaunchScreen.storyboard */ = {
			isa = PBXVariantGroup;
			children = (
				5DE8628D1F54D7A700A7AFB7 /* Base */,
			);
			name = LaunchScreen.storyboard;
			sourceTree = "<group>";
		};
/* End PBXVariantGroup section */

/* Begin XCBuildConfiguration section */
		5DE862901F54D7A700A7AFB7 /* Debug */ = {
			isa = XCBuildConfiguration;
			buildSettings = {
				ALWAYS_SEARCH_USER_PATHS = NO;
				CLANG_ANALYZER_NONNULL = YES;
				CLANG_ANALYZER_NUMBER_OBJECT_CONVERSION = YES_AGGRESSIVE;
				CLANG_CXX_LANGUAGE_STANDARD = "gnu++0x";
				CLANG_CXX_LIBRARY = "libc++";
				CLANG_ENABLE_MODULES = YES;
				CLANG_ENABLE_OBJC_ARC = YES;
				CLANG_WARN_BOOL_CONVERSION = YES;
				CLANG_WARN_CONSTANT_CONVERSION = YES;
				CLANG_WARN_DIRECT_OBJC_ISA_USAGE = YES_ERROR;
				CLANG_WARN_DOCUMENTATION_COMMENTS = YES;
				CLANG_WARN_EMPTY_BODY = YES;
				CLANG_WARN_ENUM_CONVERSION = YES;
				CLANG_WARN_INFINITE_RECURSION = YES;
				CLANG_WARN_INT_CONVERSION = YES;
				CLANG_WARN_OBJC_ROOT_CLASS = YES_ERROR;
				CLANG_WARN_SUSPICIOUS_MOVE = YES;
				CLANG_WARN_UNREACHABLE_CODE = YES;
				CLANG_WARN__DUPLICATE_METHOD_MATCH = YES;
				"CODE_SIGN_IDENTITY[sdk=iphoneos*]" = "iPhone Developer";
				COPY_PHASE_STRIP = NO;
				DEBUG_INFORMATION_FORMAT = dwarf;
				ENABLE_STRICT_OBJC_MSGSEND = YES;
				ENABLE_TESTABILITY = YES;
				GCC_C_LANGUAGE_STANDARD = gnu99;
				GCC_DYNAMIC_NO_PIC = NO;
				GCC_NO_COMMON_BLOCKS = YES;
				GCC_OPTIMIZATION_LEVEL = 0;
				GCC_PREPROCESSOR_DEFINITIONS = (
					"DEBUG=1",
					"$(inherited)",
				);
				GCC_WARN_64_TO_32_BIT_CONVERSION = YES;
				GCC_WARN_ABOUT_RETURN_TYPE = YES_ERROR;
				GCC_WARN_UNDECLARED_SELECTOR = YES;
				GCC_WARN_UNINITIALIZED_AUTOS = YES_AGGRESSIVE;
				GCC_WARN_UNUSED_FUNCTION = YES;
				GCC_WARN_UNUSED_VARIABLE = YES;
				IPHONEOS_DEPLOYMENT_TARGET = 10.3;
				MTL_ENABLE_DEBUG_INFO = YES;
				ONLY_ACTIVE_ARCH = YES;
				SDKROOT = iphoneos;
			};
			name = Debug;
		};
		5DE862911F54D7A700A7AFB7 /* Release */ = {
			isa = XCBuildConfiguration;
			buildSettings = {
				ALWAYS_SEARCH_USER_PATHS = NO;
				CLANG_ANALYZER_NONNULL = YES;
				CLANG_ANALYZER_NUMBER_OBJECT_CONVERSION = YES_AGGRESSIVE;
				CLANG_CXX_LANGUAGE_STANDARD = "gnu++0x";
				CLANG_CXX_LIBRARY = "libc++";
				CLANG_ENABLE_MODULES = YES;
				CLANG_ENABLE_OBJC_ARC = YES;
				CLANG_WARN_BOOL_CONVERSION = YES;
				CLANG_WARN_CONSTANT_CONVERSION = YES;
				CLANG_WARN_DIRECT_OBJC_ISA_USAGE = YES_ERROR;
				CLANG_WARN_DOCUMENTATION_COMMENTS = YES;
				CLANG_WARN_EMPTY_BODY = YES;
				CLANG_WARN_ENUM_CONVERSION = YES;
				CLANG_WARN_INFINITE_RECURSION = YES;
				CLANG_WARN_INT_CONVERSION = YES;
				CLANG_WARN_OBJC_ROOT_CLASS = YES_ERROR;
				CLANG_WARN_SUSPICIOUS_MOVE = YES;
				CLANG_WARN_UNREACHABLE_CODE = YES;
				CLANG_WARN__DUPLICATE_METHOD_MATCH = YES;
				"CODE_SIGN_IDENTITY[sdk=iphoneos*]" = "iPhone Developer";
				COPY_PHASE_STRIP = NO;
				DEBUG_INFORMATION_FORMAT = "dwarf-with-dsym";
				ENABLE_NS_ASSERTIONS = NO;
				ENABLE_STRICT_OBJC_MSGSEND = YES;
				GCC_C_LANGUAGE_STANDARD = gnu99;
				GCC_NO_COMMON_BLOCKS = YES;
				GCC_WARN_64_TO_32_BIT_CONVERSION = YES;
				GCC_WARN_ABOUT_RETURN_TYPE = YES_ERROR;
				GCC_WARN_UNDECLARED_SELECTOR = YES;
				GCC_WARN_UNINITIALIZED_AUTOS = YES_AGGRESSIVE;
				GCC_WARN_UNUSED_FUNCTION = YES;
				GCC_WARN_UNUSED_VARIABLE = YES;
				IPHONEOS_DEPLOYMENT_TARGET = 10.3;
				MTL_ENABLE_DEBUG_INFO = NO;
				SDKROOT = iphoneos;
				VALIDATE_PRODUCT = YES;
			};
			name = Release;
		};
		5DE862931F54D7A700A7AFB7 /* Debug */ = {
			isa = XCBuildConfiguration;
			buildSettings = {
				ASSETCATALOG_COMPILER_APPICON_NAME = AppIcon;
				CODE_SIGN_ENTITLEMENTS = TryBasicCoreData/TryBasicCoreData.entitlements;
				DEVELOPMENT_TEAM = RD3D64KZ4A;
				INFOPLIST_FILE = TryBasicCoreData/Info.plist;
				LD_RUNPATH_SEARCH_PATHS = "$(inherited) @executable_path/Frameworks";
				PRODUCT_BUNDLE_IDENTIFIER = PK.TryBasicCoreData;
				PRODUCT_NAME = "$(TARGET_NAME)";
			};
			name = Debug;
		};
		5DE862941F54D7A700A7AFB7 /* Release */ = {
			isa = XCBuildConfiguration;
			buildSettings = {
				ASSETCATALOG_COMPILER_APPICON_NAME = AppIcon;
				CODE_SIGN_ENTITLEMENTS = TryBasicCoreData/TryBasicCoreData.entitlements;
				DEVELOPMENT_TEAM = RD3D64KZ4A;
				INFOPLIST_FILE = TryBasicCoreData/Info.plist;
				LD_RUNPATH_SEARCH_PATHS = "$(inherited) @executable_path/Frameworks";
				PRODUCT_BUNDLE_IDENTIFIER = PK.TryBasicCoreData;
				PRODUCT_NAME = "$(TARGET_NAME)";
			};
			name = Release;
		};
/* End XCBuildConfiguration section */

/* Begin XCConfigurationList section */
		5DE862731F54D7A700A7AFB7 /* Build configuration list for PBXProject "TryBasicCoreData" */ = {
			isa = XCConfigurationList;
			buildConfigurations = (
				5DE862901F54D7A700A7AFB7 /* Debug */,
				5DE862911F54D7A700A7AFB7 /* Release */,
			);
			defaultConfigurationIsVisible = 0;
			defaultConfigurationName = Release;
		};
		5DE862921F54D7A700A7AFB7 /* Build configuration list for PBXNativeTarget "TryBasicCoreData" */ = {
			isa = XCConfigurationList;
			buildConfigurations = (
				5DE862931F54D7A700A7AFB7 /* Debug */,
				5DE862941F54D7A700A7AFB7 /* Release */,
			);
			defaultConfigurationIsVisible = 0;
			defaultConfigurationName = Release;
		};
/* End XCConfigurationList section */

/* Begin XCVersionGroup section */
		5DE862871F54D7A700A7AFB7 /* TryBasicCoreData.xcdatamodeld */ = {
			isa = XCVersionGroup;
			children = (
				5DE862881F54D7A700A7AFB7 /* TryBasicCoreData.xcdatamodel */,
			);
			currentVersion = 5DE862881F54D7A700A7AFB7 /* TryBasicCoreData.xcdatamodel */;
			path = TryBasicCoreData.xcdatamodeld;
			sourceTree = "<group>";
			versionGroupType = wrapper.xcdatamodel;
		};
/* End XCVersionGroup section */
	};
	rootObject = 5DE862701F54D7A700A7AFB7 /* Project object */;
}
