// !$*UTF8*$!
{
	archiveVersion = 1;
	classes = {
	};
	objectVersion = 46;
	objects = {

/* Begin PBXBuildFile section */
		5D7B2F691F3E6996000850C7 /* AppDelegate.swift in Sources */ = {isa = PBXBuildFile; fileRef = 5D7B2F681F3E6996000850C7 /* AppDelegate.swift */; };
		5D7B2F6C1F3E69A0000850C7 /* Product.swift in Sources */ = {isa = PBXBuildFile; fileRef = 5D7B2F6B1F3E69A0000850C7 /* Product.swift */; };
		5D7B2F751F3E69A8000850C7 /* DataRequest.swift in Sources */ = {isa = PBXBuildFile; fileRef = 5D7B2F6E1F3E69A8000850C7 /* DataRequest.swift */; };
		5D7B2F761F3E69A8000850C7 /* ProductImageViewController.swift in Sources */ = {isa = PBXBuildFile; fileRef = 5D7B2F711F3E69A8000850C7 /* ProductImageViewController.swift */; };
		5D7B2F771F3E69A8000850C7 /* ProductsListViewController.swift in Sources */ = {isa = PBXBuildFile; fileRef = 5D7B2F721F3E69A8000850C7 /* ProductsListViewController.swift */; };
		5D7B2F781F3E69A8000850C7 /* ProductTableViewCell.swift in Sources */ = {isa = PBXBuildFile; fileRef = 5D7B2F741F3E69A8000850C7 /* ProductTableViewCell.swift */; };
		5D7B2F7A1F3E6BE1000850C7 /* Defines.swift in Sources */ = {isa = PBXBuildFile; fileRef = 5D7B2F791F3E6BE1000850C7 /* Defines.swift */; };
		5D8786331F3D5AA300030659 /* Main.storyboard in Resources */ = {isa = PBXBuildFile; fileRef = 5D8786311F3D5AA300030659 /* Main.storyboard */; };
		5D8786381F3D5AA300030659 /* Assets.xcassets in Resources */ = {isa = PBXBuildFile; fileRef = 5D8786371F3D5AA300030659 /* Assets.xcassets */; };
		5D87863B1F3D5AA300030659 /* LaunchScreen.storyboard in Resources */ = {isa = PBXBuildFile; fileRef = 5D8786391F3D5AA300030659 /* LaunchScreen.storyboard */; };
		5D8786461F3D5AA300030659 /* iOS_Nike_Code_TestUITests.swift in Sources */ = {isa = PBXBuildFile; fileRef = 5D8786451F3D5AA300030659 /* iOS_Nike_Code_TestUITests.swift */; };
		5D8786511F3D5ACD00030659 /* productList.txt in Resources */ = {isa = PBXBuildFile; fileRef = 5D8786501F3D5ACD00030659 /* productList.txt */; };
		5D8786651F3E320500030659 /* iOS_Nike_Code_TestTests.swift in Sources */ = {isa = PBXBuildFile; fileRef = 5D8786641F3E320500030659 /* iOS_Nike_Code_TestTests.swift */; };
		5D87866D1F3E4AD200030659 /* JSONReaderTest.swift in Sources */ = {isa = PBXBuildFile; fileRef = 5D87866C1F3E4AD200030659 /* JSONReaderTest.swift */; };
/* End PBXBuildFile section */

/* Begin PBXContainerItemProxy section */
		5D8786421F3D5AA300030659 /* PBXContainerItemProxy */ = {
			isa = PBXContainerItemProxy;
			containerPortal = 5D8786221F3D5AA300030659 /* Project object */;
			proxyType = 1;
			remoteGlobalIDString = 5D8786291F3D5AA300030659;
			remoteInfo = "iOS Nike Code Test";
		};
		5D8786671F3E320500030659 /* PBXContainerItemProxy */ = {
			isa = PBXContainerItemProxy;
			containerPortal = 5D8786221F3D5AA300030659 /* Project object */;
			proxyType = 1;
			remoteGlobalIDString = 5D8786291F3D5AA300030659;
			remoteInfo = "iOS Nike Code Test";
		};
/* End PBXContainerItemProxy section */

/* Begin PBXFileReference section */
		5D7B2F681F3E6996000850C7 /* AppDelegate.swift */ = {isa = PBXFileReference; fileEncoding = 4; lastKnownFileType = sourcecode.swift; path = AppDelegate.swift; sourceTree = "<group>"; };
		5D7B2F6B1F3E69A0000850C7 /* Product.swift */ = {isa = PBXFileReference; fileEncoding = 4; lastKnownFileType = sourcecode.swift; path = Product.swift; sourceTree = "<group>"; };
		5D7B2F6E1F3E69A8000850C7 /* DataRequest.swift */ = {isa = PBXFileReference; fileEncoding = 4; lastKnownFileType = sourcecode.swift; path = DataRequest.swift; sourceTree = "<group>"; };
		5D7B2F711F3E69A8000850C7 /* ProductImageViewController.swift */ = {isa = PBXFileReference; fileEncoding = 4; lastKnownFileType = sourcecode.swift; path = ProductImageViewController.swift; sourceTree = "<group>"; };
		5D7B2F721F3E69A8000850C7 /* ProductsListViewController.swift */ = {isa = PBXFileReference; fileEncoding = 4; lastKnownFileType = sourcecode.swift; path = ProductsListViewController.swift; sourceTree = "<group>"; };
		5D7B2F741F3E69A8000850C7 /* ProductTableViewCell.swift */ = {isa = PBXFileReference; fileEncoding = 4; lastKnownFileType = sourcecode.swift; path = ProductTableViewCell.swift; sourceTree = "<group>"; };
		5D7B2F791F3E6BE1000850C7 /* Defines.swift */ = {isa = PBXFileReference; fileEncoding = 4; lastKnownFileType = sourcecode.swift; path = Defines.swift; sourceTree = "<group>"; };
		5D87862A1F3D5AA300030659 /* iOS Nike Code Test.app */ = {isa = PBXFileReference; explicitFileType = wrapper.application; includeInIndex = 0; path = "iOS Nike Code Test.app"; sourceTree = BUILT_PRODUCTS_DIR; };
		5D8786321F3D5AA300030659 /* Base */ = {isa = PBXFileReference; lastKnownFileType = file.storyboard; name = Base; path = Base.lproj/Main.storyboard; sourceTree = "<group>"; };
		5D8786371F3D5AA300030659 /* Assets.xcassets */ = {isa = PBXFileReference; lastKnownFileType = folder.assetcatalog; path = Assets.xcassets; sourceTree = "<group>"; };
		5D87863A1F3D5AA300030659 /* Base */ = {isa = PBXFileReference; lastKnownFileType = file.storyboard; name = Base; path = Base.lproj/LaunchScreen.storyboard; sourceTree = "<group>"; };
		5D87863C1F3D5AA300030659 /* Info.plist */ = {isa = PBXFileReference; lastKnownFileType = text.plist.xml; path = Info.plist; sourceTree = "<group>"; };
		5D8786411F3D5AA300030659 /* iOS Nike Code TestUITests.xctest */ = {isa = PBXFileReference; explicitFileType = wrapper.cfbundle; includeInIndex = 0; path = "iOS Nike Code TestUITests.xctest"; sourceTree = BUILT_PRODUCTS_DIR; };
		5D8786451F3D5AA300030659 /* iOS_Nike_Code_TestUITests.swift */ = {isa = PBXFileReference; lastKnownFileType = sourcecode.swift; path = iOS_Nike_Code_TestUITests.swift; sourceTree = "<group>"; };
		5D8786471F3D5AA300030659 /* Info.plist */ = {isa = PBXFileReference; lastKnownFileType = text.plist.xml; path = Info.plist; sourceTree = "<group>"; };
		5D8786501F3D5ACD00030659 /* productList.txt */ = {isa = PBXFileReference; fileEncoding = 4; lastKnownFileType = text; path = productList.txt; sourceTree = "<group>"; };
		5D8786621F3E320500030659 /* iOS Nike Code TestTests.xctest */ = {isa = PBXFileReference; explicitFileType = wrapper.cfbundle; includeInIndex = 0; path = "iOS Nike Code TestTests.xctest"; sourceTree = BUILT_PRODUCTS_DIR; };
		5D8786641F3E320500030659 /* iOS_Nike_Code_TestTests.swift */ = {isa = PBXFileReference; lastKnownFileType = sourcecode.swift; path = iOS_Nike_Code_TestTests.swift; sourceTree = "<group>"; };
		5D8786661F3E320500030659 /* Info.plist */ = {isa = PBXFileReference; lastKnownFileType = text.plist.xml; path = Info.plist; sourceTree = "<group>"; };
		5D87866C1F3E4AD200030659 /* JSONReaderTest.swift */ = {isa = PBXFileReference; fileEncoding = 4; lastKnownFileType = sourcecode.swift; path = JSONReaderTest.swift; sourceTree = "<group>"; };
/* End PBXFileReference section */

/* Begin PBXFrameworksBuildPhase section */
		5D8786271F3D5AA300030659 /* Frameworks */ = {
			isa = PBXFrameworksBuildPhase;
			buildActionMask = 2147483647;
			files = (
			);
			runOnlyForDeploymentPostprocessing = 0;
		};
		5D87863E1F3D5AA300030659 /* Frameworks */ = {
			isa = PBXFrameworksBuildPhase;
			buildActionMask = 2147483647;
			files = (
			);
			runOnlyForDeploymentPostprocessing = 0;
		};
		5D87865F1F3E320500030659 /* Frameworks */ = {
			isa = PBXFrameworksBuildPhase;
			buildActionMask = 2147483647;
			files = (
			);
			runOnlyForDeploymentPostprocessing = 0;
		};
/* End PBXFrameworksBuildPhase section */

/* Begin PBXGroup section */
		5D7B2F671F3E6996000850C7 /* App Delegate */ = {
			isa = PBXGroup;
			children = (
				5D7B2F681F3E6996000850C7 /* AppDelegate.swift */,
			);
			path = "App Delegate";
			sourceTree = "<group>";
		};
		5D7B2F6A1F3E69A0000850C7 /* Models */ = {
			isa = PBXGroup;
			children = (
				5D7B2F6B1F3E69A0000850C7 /* Product.swift */,
			);
			path = Models;
			sourceTree = "<group>";
		};
		5D7B2F6D1F3E69A8000850C7 /* Requests */ = {
			isa = PBXGroup;
			children = (
				5D7B2F6E1F3E69A8000850C7 /* DataRequest.swift */,
			);
			path = Requests;
			sourceTree = "<group>";
		};
		5D7B2F6F1F3E69A8000850C7 /* Screens */ = {
			isa = PBXGroup;
			children = (
				5D7B2F701F3E69A8000850C7 /* Controllers */,
				5D7B2F731F3E69A8000850C7 /* Views */,
			);
			path = Screens;
			sourceTree = "<group>";
		};
		5D7B2F701F3E69A8000850C7 /* Controllers */ = {
			isa = PBXGroup;
			children = (
				5D7B2F721F3E69A8000850C7 /* ProductsListViewController.swift */,
				5D7B2F711F3E69A8000850C7 /* ProductImageViewController.swift */,
			);
			path = Controllers;
			sourceTree = "<group>";
		};
		5D7B2F731F3E69A8000850C7 /* Views */ = {
			isa = PBXGroup;
			children = (
				5D7B2F741F3E69A8000850C7 /* ProductTableViewCell.swift */,
			);
			path = Views;
			sourceTree = "<group>";
		};
		5D8786211F3D5AA300030659 = {
			isa = PBXGroup;
			children = (
				5D87862C1F3D5AA300030659 /* iOS Nike Code Test */,
				5D8786441F3D5AA300030659 /* iOS Nike Code TestUITests */,
				5D8786631F3E320500030659 /* iOS Nike Code TestTests */,
				5D87862B1F3D5AA300030659 /* Products */,
			);
			sourceTree = "<group>";
		};
		5D87862B1F3D5AA300030659 /* Products */ = {
			isa = PBXGroup;
			children = (
				5D87862A1F3D5AA300030659 /* iOS Nike Code Test.app */,
				5D8786411F3D5AA300030659 /* iOS Nike Code TestUITests.xctest */,
				5D8786621F3E320500030659 /* iOS Nike Code TestTests.xctest */,
			);
			name = Products;
			sourceTree = "<group>";
		};
		5D87862C1F3D5AA300030659 /* iOS Nike Code Test */ = {
			isa = PBXGroup;
			children = (
				5D7B2F671F3E6996000850C7 /* App Delegate */,
				5D7B2F6D1F3E69A8000850C7 /* Requests */,
				5D7B2F6F1F3E69A8000850C7 /* Screens */,
				5D7B2F6A1F3E69A0000850C7 /* Models */,
				5D8786501F3D5ACD00030659 /* productList.txt */,
				5D8786311F3D5AA300030659 /* Main.storyboard */,
				5D8786371F3D5AA300030659 /* Assets.xcassets */,
				5D8786391F3D5AA300030659 /* LaunchScreen.storyboard */,
				5D87863C1F3D5AA300030659 /* Info.plist */,
				5D7B2F791F3E6BE1000850C7 /* Defines.swift */,
			);
			path = "iOS Nike Code Test";
			sourceTree = "<group>";
		};
		5D8786441F3D5AA300030659 /* iOS Nike Code TestUITests */ = {
			isa = PBXGroup;
			children = (
				5D8786451F3D5AA300030659 /* iOS_Nike_Code_TestUITests.swift */,
				5D8786471F3D5AA300030659 /* Info.plist */,
			);
			path = "iOS Nike Code TestUITests";
			sourceTree = "<group>";
		};
		5D8786631F3E320500030659 /* iOS Nike Code TestTests */ = {
			isa = PBXGroup;
			children = (
				5D8786641F3E320500030659 /* iOS_Nike_Code_TestTests.swift */,
				5D87866C1F3E4AD200030659 /* JSONReaderTest.swift */,
				5D8786661F3E320500030659 /* Info.plist */,
			);
			path = "iOS Nike Code TestTests";
			sourceTree = "<group>";
		};
/* End PBXGroup section */

/* Begin PBXNativeTarget section */
		5D8786291F3D5AA300030659 /* iOS Nike Code Test */ = {
			isa = PBXNativeTarget;
			buildConfigurationList = 5D87864A1F3D5AA300030659 /* Build configuration list for PBXNativeTarget "iOS Nike Code Test" */;
			buildPhases = (
				5D8786261F3D5AA300030659 /* Sources */,
				5D8786271F3D5AA300030659 /* Frameworks */,
				5D8786281F3D5AA300030659 /* Resources */,
			);
			buildRules = (
			);
			dependencies = (
			);
			name = "iOS Nike Code Test";
			productName = "iOS Nike Code Test";
			productReference = 5D87862A1F3D5AA300030659 /* iOS Nike Code Test.app */;
			productType = "com.apple.product-type.application";
		};
		5D8786401F3D5AA300030659 /* iOS Nike Code TestUITests */ = {
			isa = PBXNativeTarget;
			buildConfigurationList = 5D87864D1F3D5AA300030659 /* Build configuration list for PBXNativeTarget "iOS Nike Code TestUITests" */;
			buildPhases = (
				5D87863D1F3D5AA300030659 /* Sources */,
				5D87863E1F3D5AA300030659 /* Frameworks */,
				5D87863F1F3D5AA300030659 /* Resources */,
			);
			buildRules = (
			);
			dependencies = (
				5D8786431F3D5AA300030659 /* PBXTargetDependency */,
			);
			name = "iOS Nike Code TestUITests";
			productName = "iOS Nike Code TestUITests";
			productReference = 5D8786411F3D5AA300030659 /* iOS Nike Code TestUITests.xctest */;
			productType = "com.apple.product-type.bundle.ui-testing";
		};
		5D8786611F3E320500030659 /* iOS Nike Code TestTests */ = {
			isa = PBXNativeTarget;
			buildConfigurationList = 5D8786691F3E320500030659 /* Build configuration list for PBXNativeTarget "iOS Nike Code TestTests" */;
			buildPhases = (
				5D87865E1F3E320500030659 /* Sources */,
				5D87865F1F3E320500030659 /* Frameworks */,
				5D8786601F3E320500030659 /* Resources */,
			);
			buildRules = (
			);
			dependencies = (
				5D8786681F3E320500030659 /* PBXTargetDependency */,
			);
			name = "iOS Nike Code TestTests";
			productName = "iOS Nike Code TestTests";
			productReference = 5D8786621F3E320500030659 /* iOS Nike Code TestTests.xctest */;
			productType = "com.apple.product-type.bundle.unit-test";
		};
/* End PBXNativeTarget section */

/* Begin PBXProject section */
		5D8786221F3D5AA300030659 /* Project object */ = {
			isa = PBXProject;
			attributes = {
				LastSwiftUpdateCheck = 0830;
				LastUpgradeCheck = 0830;
				ORGANIZATIONNAME = "pavan krishna";
				TargetAttributes = {
					5D8786291F3D5AA300030659 = {
						CreatedOnToolsVersion = 8.3.3;
						DevelopmentTeam = RD3D64KZ4A;
						ProvisioningStyle = Automatic;
					};
					5D8786401F3D5AA300030659 = {
						CreatedOnToolsVersion = 8.3.3;
						DevelopmentTeam = RD3D64KZ4A;
						ProvisioningStyle = Automatic;
						TestTargetID = 5D8786291F3D5AA300030659;
					};
					5D8786611F3E320500030659 = {
						CreatedOnToolsVersion = 8.3.3;
						DevelopmentTeam = RD3D64KZ4A;
						ProvisioningStyle = Automatic;
						TestTargetID = 5D8786291F3D5AA300030659;
					};
				};
			};
			buildConfigurationList = 5D8786251F3D5AA300030659 /* Build configuration list for PBXProject "iOS Nike Code Test" */;
			compatibilityVersion = "Xcode 3.2";
			developmentRegion = English;
			hasScannedForEncodings = 0;
			knownRegions = (
				en,
				Base,
			);
			mainGroup = 5D8786211F3D5AA300030659;
			productRefGroup = 5D87862B1F3D5AA300030659 /* Products */;
			projectDirPath = "";
			projectRoot = "";
			targets = (
				5D8786291F3D5AA300030659 /* iOS Nike Code Test */,
				5D8786401F3D5AA300030659 /* iOS Nike Code TestUITests */,
				5D8786611F3E320500030659 /* iOS Nike Code TestTests */,
			);
		};
/* End PBXProject section */

/* Begin PBXResourcesBuildPhase section */
		5D8786281F3D5AA300030659 /* Resources */ = {
			isa = PBXResourcesBuildPhase;
			buildActionMask = 2147483647;
			files = (
				5D87863B1F3D5AA300030659 /* LaunchScreen.storyboard in Resources */,
				5D8786381F3D5AA300030659 /* Assets.xcassets in Resources */,
				5D8786511F3D5ACD00030659 /* productList.txt in Resources */,
				5D8786331F3D5AA300030659 /* Main.storyboard in Resources */,
			);
			runOnlyForDeploymentPostprocessing = 0;
		};
		5D87863F1F3D5AA300030659 /* Resources */ = {
			isa = PBXResourcesBuildPhase;
			buildActionMask = 2147483647;
			files = (
			);
			runOnlyForDeploymentPostprocessing = 0;
		};
		5D8786601F3E320500030659 /* Resources */ = {
			isa = PBXResourcesBuildPhase;
			buildActionMask = 2147483647;
			files = (
			);
			runOnlyForDeploymentPostprocessing = 0;
		};
/* End PBXResourcesBuildPhase section */

/* Begin PBXSourcesBuildPhase section */
		5D8786261F3D5AA300030659 /* Sources */ = {
			isa = PBXSourcesBuildPhase;
			buildActionMask = 2147483647;
			files = (
				5D7B2F7A1F3E6BE1000850C7 /* Defines.swift in Sources */,
				5D7B2F761F3E69A8000850C7 /* ProductImageViewController.swift in Sources */,
				5D7B2F691F3E6996000850C7 /* AppDelegate.swift in Sources */,
				5D7B2F781F3E69A8000850C7 /* ProductTableViewCell.swift in Sources */,
				5D7B2F771F3E69A8000850C7 /* ProductsListViewController.swift in Sources */,
				5D7B2F6C1F3E69A0000850C7 /* Product.swift in Sources */,
				5D7B2F751F3E69A8000850C7 /* DataRequest.swift in Sources */,
			);
			runOnlyForDeploymentPostprocessing = 0;
		};
		5D87863D1F3D5AA300030659 /* Sources */ = {
			isa = PBXSourcesBuildPhase;
			buildActionMask = 2147483647;
			files = (
				5D8786461F3D5AA300030659 /* iOS_Nike_Code_TestUITests.swift in Sources */,
			);
			runOnlyForDeploymentPostprocessing = 0;
		};
		5D87865E1F3E320500030659 /* Sources */ = {
			isa = PBXSourcesBuildPhase;
			buildActionMask = 2147483647;
			files = (
				5D87866D1F3E4AD200030659 /* JSONReaderTest.swift in Sources */,
				5D8786651F3E320500030659 /* iOS_Nike_Code_TestTests.swift in Sources */,
			);
			runOnlyForDeploymentPostprocessing = 0;
		};
/* End PBXSourcesBuildPhase section */

/* Begin PBXTargetDependency section */
		5D8786431F3D5AA300030659 /* PBXTargetDependency */ = {
			isa = PBXTargetDependency;
			target = 5D8786291F3D5AA300030659 /* iOS Nike Code Test */;
			targetProxy = 5D8786421F3D5AA300030659 /* PBXContainerItemProxy */;
		};
		5D8786681F3E320500030659 /* PBXTargetDependency */ = {
			isa = PBXTargetDependency;
			target = 5D8786291F3D5AA300030659 /* iOS Nike Code Test */;
			targetProxy = 5D8786671F3E320500030659 /* PBXContainerItemProxy */;
		};
/* End PBXTargetDependency section */

/* Begin PBXVariantGroup section */
		5D8786311F3D5AA300030659 /* Main.storyboard */ = {
			isa = PBXVariantGroup;
			children = (
				5D8786321F3D5AA300030659 /* Base */,
			);
			name = Main.storyboard;
			sourceTree = "<group>";
		};
		5D8786391F3D5AA300030659 /* LaunchScreen.storyboard */ = {
			isa = PBXVariantGroup;
			children = (
				5D87863A1F3D5AA300030659 /* Base */,
			);
			name = LaunchScreen.storyboard;
			sourceTree = "<group>";
		};
/* End PBXVariantGroup section */

/* Begin XCBuildConfiguration section */
		5D8786481F3D5AA300030659 /* Debug */ = {
			isa = XCBuildConfiguration;
			buildSettings = {
				ALWAYS_SEARCH_USER_PATHS = NO;
				CLANG_ANALYZER_NONNULL = YES;
				CLANG_ANALYZER_NUMBER_OBJECT_CONVERSION = YES_AGGRESSIVE;
				CLANG_CXX_LANGUAGE_STANDARD = "gnu++0x";
				CLANG_CXX_LIBRARY = "libc++";
				CLANG_ENABLE_MODULES = YES;
				CLANG_ENABLE_OBJC_ARC = YES;
				CLANG_WARN_BOOL_CONVERSION = YES;
				CLANG_WARN_CONSTANT_CONVERSION = YES;
				CLANG_WARN_DIRECT_OBJC_ISA_USAGE = YES_ERROR;
				CLANG_WARN_DOCUMENTATION_COMMENTS = YES;
				CLANG_WARN_EMPTY_BODY = YES;
				CLANG_WARN_ENUM_CONVERSION = YES;
				CLANG_WARN_INFINITE_RECURSION = YES;
				CLANG_WARN_INT_CONVERSION = YES;
				CLANG_WARN_OBJC_ROOT_CLASS = YES_ERROR;
				CLANG_WARN_SUSPICIOUS_MOVE = YES;
				CLANG_WARN_UNREACHABLE_CODE = YES;
				CLANG_WARN__DUPLICATE_METHOD_MATCH = YES;
				"CODE_SIGN_IDENTITY[sdk=iphoneos*]" = "iPhone Developer";
				COPY_PHASE_STRIP = NO;
				DEBUG_INFORMATION_FORMAT = dwarf;
				ENABLE_STRICT_OBJC_MSGSEND = YES;
				ENABLE_TESTABILITY = YES;
				GCC_C_LANGUAGE_STANDARD = gnu99;
				GCC_DYNAMIC_NO_PIC = NO;
				GCC_NO_COMMON_BLOCKS = YES;
				GCC_OPTIMIZATION_LEVEL = 0;
				GCC_PREPROCESSOR_DEFINITIONS = (
					"DEBUG=1",
					"$(inherited)",
				);
				GCC_WARN_64_TO_32_BIT_CONVERSION = YES;
				GCC_WARN_ABOUT_RETURN_TYPE = YES_ERROR;
				GCC_WARN_UNDECLARED_SELECTOR = YES;
				GCC_WARN_UNINITIALIZED_AUTOS = YES_AGGRESSIVE;
				GCC_WARN_UNUSED_FUNCTION = YES;
				GCC_WARN_UNUSED_VARIABLE = YES;
				IPHONEOS_DEPLOYMENT_TARGET = 10.3;
				MTL_ENABLE_DEBUG_INFO = YES;
				ONLY_ACTIVE_ARCH = YES;
				SDKROOT = iphoneos;
				SWIFT_ACTIVE_COMPILATION_CONDITIONS = DEBUG;
				SWIFT_OPTIMIZATION_LEVEL = "-Onone";
			};
			name = Debug;
		};
		5D8786491F3D5AA300030659 /* Release */ = {
			isa = XCBuildConfiguration;
			buildSettings = {
				ALWAYS_SEARCH_USER_PATHS = NO;
				CLANG_ANALYZER_NONNULL = YES;
				CLANG_ANALYZER_NUMBER_OBJECT_CONVERSION = YES_AGGRESSIVE;
				CLANG_CXX_LANGUAGE_STANDARD = "gnu++0x";
				CLANG_CXX_LIBRARY = "libc++";
				CLANG_ENABLE_MODULES = YES;
				CLANG_ENABLE_OBJC_ARC = YES;
				CLANG_WARN_BOOL_CONVERSION = YES;
				CLANG_WARN_CONSTANT_CONVERSION = YES;
				CLANG_WARN_DIRECT_OBJC_ISA_USAGE = YES_ERROR;
				CLANG_WARN_DOCUMENTATION_COMMENTS = YES;
				CLANG_WARN_EMPTY_BODY = YES;
				CLANG_WARN_ENUM_CONVERSION = YES;
				CLANG_WARN_INFINITE_RECURSION = YES;
				CLANG_WARN_INT_CONVERSION = YES;
				CLANG_WARN_OBJC_ROOT_CLASS = YES_ERROR;
				CLANG_WARN_SUSPICIOUS_MOVE = YES;
				CLANG_WARN_UNREACHABLE_CODE = YES;
				CLANG_WARN__DUPLICATE_METHOD_MATCH = YES;
				"CODE_SIGN_IDENTITY[sdk=iphoneos*]" = "iPhone Developer";
				COPY_PHASE_STRIP = NO;
				DEBUG_INFORMATION_FORMAT = "dwarf-with-dsym";
				ENABLE_NS_ASSERTIONS = NO;
				ENABLE_STRICT_OBJC_MSGSEND = YES;
				GCC_C_LANGUAGE_STANDARD = gnu99;
				GCC_NO_COMMON_BLOCKS = YES;
				GCC_WARN_64_TO_32_BIT_CONVERSION = YES;
				GCC_WARN_ABOUT_RETURN_TYPE = YES_ERROR;
				GCC_WARN_UNDECLARED_SELECTOR = YES;
				GCC_WARN_UNINITIALIZED_AUTOS = YES_AGGRESSIVE;
				GCC_WARN_UNUSED_FUNCTION = YES;
				GCC_WARN_UNUSED_VARIABLE = YES;
				IPHONEOS_DEPLOYMENT_TARGET = 10.3;
				MTL_ENABLE_DEBUG_INFO = NO;
				SDKROOT = iphoneos;
				SWIFT_OPTIMIZATION_LEVEL = "-Owholemodule";
				VALIDATE_PRODUCT = YES;
			};
			name = Release;
		};
		5D87864B1F3D5AA300030659 /* Debug */ = {
			isa = XCBuildConfiguration;
			buildSettings = {
				ASSETCATALOG_COMPILER_APPICON_NAME = AppIcon;
				DEVELOPMENT_TEAM = RD3D64KZ4A;
				INFOPLIST_FILE = "iOS Nike Code Test/Info.plist";
				LD_RUNPATH_SEARCH_PATHS = "$(inherited) @executable_path/Frameworks";
				PRODUCT_BUNDLE_IDENTIFIER = "PK.iOS-Nike-Code-Test";
				PRODUCT_NAME = "$(TARGET_NAME)";
				SWIFT_VERSION = 3.0;
			};
			name = Debug;
		};
		5D87864C1F3D5AA300030659 /* Release */ = {
			isa = XCBuildConfiguration;
			buildSettings = {
				ASSETCATALOG_COMPILER_APPICON_NAME = AppIcon;
				DEVELOPMENT_TEAM = RD3D64KZ4A;
				INFOPLIST_FILE = "iOS Nike Code Test/Info.plist";
				LD_RUNPATH_SEARCH_PATHS = "$(inherited) @executable_path/Frameworks";
				PRODUCT_BUNDLE_IDENTIFIER = "PK.iOS-Nike-Code-Test";
				PRODUCT_NAME = "$(TARGET_NAME)";
				SWIFT_VERSION = 3.0;
			};
			name = Release;
		};
		5D87864E1F3D5AA300030659 /* Debug */ = {
			isa = XCBuildConfiguration;
			buildSettings = {
				ALWAYS_EMBED_SWIFT_STANDARD_LIBRARIES = YES;
				DEVELOPMENT_TEAM = RD3D64KZ4A;
				INFOPLIST_FILE = "iOS Nike Code TestUITests/Info.plist";
				LD_RUNPATH_SEARCH_PATHS = "$(inherited) @executable_path/Frameworks @loader_path/Frameworks";
				PRODUCT_BUNDLE_IDENTIFIER = "PK.iOS-Nike-Code-TestUITests";
				PRODUCT_NAME = "$(TARGET_NAME)";
				SWIFT_VERSION = 3.0;
				TEST_TARGET_NAME = "iOS Nike Code Test";
			};
			name = Debug;
		};
		5D87864F1F3D5AA300030659 /* Release */ = {
			isa = XCBuildConfiguration;
			buildSettings = {
				ALWAYS_EMBED_SWIFT_STANDARD_LIBRARIES = YES;
				DEVELOPMENT_TEAM = RD3D64KZ4A;
				INFOPLIST_FILE = "iOS Nike Code TestUITests/Info.plist";
				LD_RUNPATH_SEARCH_PATHS = "$(inherited) @executable_path/Frameworks @loader_path/Frameworks";
				PRODUCT_BUNDLE_IDENTIFIER = "PK.iOS-Nike-Code-TestUITests";
				PRODUCT_NAME = "$(TARGET_NAME)";
				SWIFT_VERSION = 3.0;
				TEST_TARGET_NAME = "iOS Nike Code Test";
			};
			name = Release;
		};
		5D87866A1F3E320500030659 /* Debug */ = {
			isa = XCBuildConfiguration;
			buildSettings = {
				ALWAYS_EMBED_SWIFT_STANDARD_LIBRARIES = YES;
				BUNDLE_LOADER = "$(TEST_HOST)";
				DEVELOPMENT_TEAM = RD3D64KZ4A;
				INFOPLIST_FILE = "iOS Nike Code TestTests/Info.plist";
				LD_RUNPATH_SEARCH_PATHS = "$(inherited) @executable_path/Frameworks @loader_path/Frameworks";
				PRODUCT_BUNDLE_IDENTIFIER = "PK.iOS-Nike-Code-TestTests";
				PRODUCT_NAME = "$(TARGET_NAME)";
				SWIFT_VERSION = 3.0;
				TEST_HOST = "$(BUILT_PRODUCTS_DIR)/iOS Nike Code Test.app/iOS Nike Code Test";
			};
			name = Debug;
		};
		5D87866B1F3E320500030659 /* Release */ = {
			isa = XCBuildConfiguration;
			buildSettings = {
				ALWAYS_EMBED_SWIFT_STANDARD_LIBRARIES = YES;
				BUNDLE_LOADER = "$(TEST_HOST)";
				DEVELOPMENT_TEAM = RD3D64KZ4A;
				INFOPLIST_FILE = "iOS Nike Code TestTests/Info.plist";
				LD_RUNPATH_SEARCH_PATHS = "$(inherited) @executable_path/Frameworks @loader_path/Frameworks";
				PRODUCT_BUNDLE_IDENTIFIER = "PK.iOS-Nike-Code-TestTests";
				PRODUCT_NAME = "$(TARGET_NAME)";
				SWIFT_VERSION = 3.0;
				TEST_HOST = "$(BUILT_PRODUCTS_DIR)/iOS Nike Code Test.app/iOS Nike Code Test";
			};
			name = Release;
		};
/* End XCBuildConfiguration section */

/* Begin XCConfigurationList section */
		5D8786251F3D5AA300030659 /* Build configuration list for PBXProject "iOS Nike Code Test" */ = {
			isa = XCConfigurationList;
			buildConfigurations = (
				5D8786481F3D5AA300030659 /* Debug */,
				5D8786491F3D5AA300030659 /* Release */,
			);
			defaultConfigurationIsVisible = 0;
			defaultConfigurationName = Release;
		};
		5D87864A1F3D5AA300030659 /* Build configuration list for PBXNativeTarget "iOS Nike Code Test" */ = {
			isa = XCConfigurationList;
			buildConfigurations = (
				5D87864B1F3D5AA300030659 /* Debug */,
				5D87864C1F3D5AA300030659 /* Release */,
			);
			defaultConfigurationIsVisible = 0;
			defaultConfigurationName = Release;
		};
		5D87864D1F3D5AA300030659 /* Build configuration list for PBXNativeTarget "iOS Nike Code TestUITests" */ = {
			isa = XCConfigurationList;
			buildConfigurations = (
				5D87864E1F3D5AA300030659 /* Debug */,
				5D87864F1F3D5AA300030659 /* Release */,
			);
			defaultConfigurationIsVisible = 0;
			defaultConfigurationName = Release;
		};
		5D8786691F3E320500030659 /* Build configuration list for PBXNativeTarget "iOS Nike Code TestTests" */ = {
			isa = XCConfigurationList;
			buildConfigurations = (
				5D87866A1F3E320500030659 /* Debug */,
				5D87866B1F3E320500030659 /* Release */,
			);
			defaultConfigurationIsVisible = 0;
			defaultConfigurationName = Release;
		};
/* End XCConfigurationList section */
	};
	rootObject = 5D8786221F3D5AA300030659 /* Project object */;
}
