// !$*UTF8*$!
{
	archiveVersion = 1;
	classes = {
	};
	objectVersion = 46;
	objects = {

/* Begin PBXBuildFile section */
		5DE862C41F56265800A7AFB7 /* AppDelegate.swift in Sources */ = {isa = PBXBuildFile; fileRef = 5DE862C31F56265800A7AFB7 /* AppDelegate.swift */; };
		5DE862C91F56265800A7AFB7 /* Main.storyboard in Resources */ = {isa = PBXBuildFile; fileRef = 5DE862C71F56265800A7AFB7 /* Main.storyboard */; };
		5DE862CC1F56265800A7AFB7 /* TryBasicCoreDataSwift.xcdatamodeld in Sources */ = {isa = PBXBuildFile; fileRef = 5DE862CA1F56265800A7AFB7 /* TryBasicCoreDataSwift.xcdatamodeld */; };
		5DE862CE1F56265800A7AFB7 /* Assets.xcassets in Resources */ = {isa = PBXBuildFile; fileRef = 5DE862CD1F56265800A7AFB7 /* Assets.xcassets */; };
		5DE862D11F56265800A7AFB7 /* LaunchScreen.storyboard in Resources */ = {isa = PBXBuildFile; fileRef = 5DE862CF1F56265800A7AFB7 /* LaunchScreen.storyboard */; };
		5DE862D91F56330200A7AFB7 /* ListViewController.swift in Sources */ = {isa = PBXBuildFile; fileRef = 5DE862D81F56330200A7AFB7 /* ListViewController.swift */; };
		5DE862DB1F5656B300A7AFB7 /* AddViewController.swift in Sources */ = {isa = PBXBuildFile; fileRef = 5DE862DA1F5656B300A7AFB7 /* AddViewController.swift */; };
		5DE862DD1F56575500A7AFB7 /* CreditCardTableViewCell.swift in Sources */ = {isa = PBXBuildFile; fileRef = 5DE862DC1F56575500A7AFB7 /* CreditCardTableViewCell.swift */; };
/* End PBXBuildFile section */

/* Begin PBXFileReference section */
		5DE862C01F56265800A7AFB7 /* TryBasicCoreDataSwift.app */ = {isa = PBXFileReference; explicitFileType = wrapper.application; includeInIndex = 0; path = TryBasicCoreDataSwift.app; sourceTree = BUILT_PRODUCTS_DIR; };
		5DE862C31F56265800A7AFB7 /* AppDelegate.swift */ = {isa = PBXFileReference; lastKnownFileType = sourcecode.swift; path = AppDelegate.swift; sourceTree = "<group>"; };
		5DE862C81F56265800A7AFB7 /* Base */ = {isa = PBXFileReference; lastKnownFileType = file.storyboard; name = Base; path = Base.lproj/Main.storyboard; sourceTree = "<group>"; };
		5DE862CB1F56265800A7AFB7 /* TryBasicCoreDataSwift.xcdatamodel */ = {isa = PBXFileReference; lastKnownFileType = wrapper.xcdatamodel; path = TryBasicCoreDataSwift.xcdatamodel; sourceTree = "<group>"; };
		5DE862CD1F56265800A7AFB7 /* Assets.xcassets */ = {isa = PBXFileReference; lastKnownFileType = folder.assetcatalog; path = Assets.xcassets; sourceTree = "<group>"; };
		5DE862D01F56265800A7AFB7 /* Base */ = {isa = PBXFileReference; lastKnownFileType = file.storyboard; name = Base; path = Base.lproj/LaunchScreen.storyboard; sourceTree = "<group>"; };
		5DE862D21F56265800A7AFB7 /* Info.plist */ = {isa = PBXFileReference; lastKnownFileType = text.plist.xml; path = Info.plist; sourceTree = "<group>"; };
		5DE862D81F56330200A7AFB7 /* ListViewController.swift */ = {isa = PBXFileReference; fileEncoding = 4; lastKnownFileType = sourcecode.swift; path = ListViewController.swift; sourceTree = "<group>"; };
		5DE862DA1F5656B300A7AFB7 /* AddViewController.swift */ = {isa = PBXFileReference; fileEncoding = 4; lastKnownFileType = sourcecode.swift; path = AddViewController.swift; sourceTree = "<group>"; };
		5DE862DC1F56575500A7AFB7 /* CreditCardTableViewCell.swift */ = {isa = PBXFileReference; fileEncoding = 4; lastKnownFileType = sourcecode.swift; path = CreditCardTableViewCell.swift; sourceTree = "<group>"; };
/* End PBXFileReference section */

/* Begin PBXFrameworksBuildPhase section */
		5DE862BD1F56265800A7AFB7 /* Frameworks */ = {
			isa = PBXFrameworksBuildPhase;
			buildActionMask = 2147483647;
			files = (
			);
			runOnlyForDeploymentPostprocessing = 0;
		};
/* End PBXFrameworksBuildPhase section */

/* Begin PBXGroup section */
		5DE862B71F56265700A7AFB7 = {
			isa = PBXGroup;
			children = (
				5DE862C21F56265800A7AFB7 /* TryBasicCoreDataSwift */,
				5DE862C11F56265800A7AFB7 /* Products */,
			);
			sourceTree = "<group>";
		};
		5DE862C11F56265800A7AFB7 /* Products */ = {
			isa = PBXGroup;
			children = (
				5DE862C01F56265800A7AFB7 /* TryBasicCoreDataSwift.app */,
			);
			name = Products;
			sourceTree = "<group>";
		};
		5DE862C21F56265800A7AFB7 /* TryBasicCoreDataSwift */ = {
			isa = PBXGroup;
			children = (
				5DE862C31F56265800A7AFB7 /* AppDelegate.swift */,
				5DE862D81F56330200A7AFB7 /* ListViewController.swift */,
				5DE862DA1F5656B300A7AFB7 /* AddViewController.swift */,
				5DE862DC1F56575500A7AFB7 /* CreditCardTableViewCell.swift */,
				5DE862C71F56265800A7AFB7 /* Main.storyboard */,
				5DE862CD1F56265800A7AFB7 /* Assets.xcassets */,
				5DE862CF1F56265800A7AFB7 /* LaunchScreen.storyboard */,
				5DE862D21F56265800A7AFB7 /* Info.plist */,
				5DE862CA1F56265800A7AFB7 /* TryBasicCoreDataSwift.xcdatamodeld */,
			);
			path = TryBasicCoreDataSwift;
			sourceTree = "<group>";
		};
/* End PBXGroup section */

/* Begin PBXNativeTarget section */
		5DE862BF1F56265800A7AFB7 /* TryBasicCoreDataSwift */ = {
			isa = PBXNativeTarget;
			buildConfigurationList = 5DE862D51F56265800A7AFB7 /* Build configuration list for PBXNativeTarget "TryBasicCoreDataSwift" */;
			buildPhases = (
				5DE862BC1F56265800A7AFB7 /* Sources */,
				5DE862BD1F56265800A7AFB7 /* Frameworks */,
				5DE862BE1F56265800A7AFB7 /* Resources */,
			);
			buildRules = (
			);
			dependencies = (
			);
			name = TryBasicCoreDataSwift;
			productName = TryBasicCoreDataSwift;
			productReference = 5DE862C01F56265800A7AFB7 /* TryBasicCoreDataSwift.app */;
			productType = "com.apple.product-type.application";
		};
/* End PBXNativeTarget section */

/* Begin PBXProject section */
		5DE862B81F56265700A7AFB7 /* Project object */ = {
			isa = PBXProject;
			attributes = {
				LastSwiftUpdateCheck = 0830;
				LastUpgradeCheck = 0830;
				ORGANIZATIONNAME = "pavan krishna";
				TargetAttributes = {
					5DE862BF1F56265800A7AFB7 = {
						CreatedOnToolsVersion = 8.3.3;
						DevelopmentTeam = RD3D64KZ4A;
						ProvisioningStyle = Automatic;
					};
				};
			};
			buildConfigurationList = 5DE862BB1F56265700A7AFB7 /* Build configuration list for PBXProject "TryBasicCoreDataSwift" */;
			compatibilityVersion = "Xcode 3.2";
			developmentRegion = English;
			hasScannedForEncodings = 0;
			knownRegions = (
				en,
				Base,
			);
			mainGroup = 5DE862B71F56265700A7AFB7;
			productRefGroup = 5DE862C11F56265800A7AFB7 /* Products */;
			projectDirPath = "";
			projectRoot = "";
			targets = (
				5DE862BF1F56265800A7AFB7 /* TryBasicCoreDataSwift */,
			);
		};
/* End PBXProject section */

/* Begin PBXResourcesBuildPhase section */
		5DE862BE1F56265800A7AFB7 /* Resources */ = {
			isa = PBXResourcesBuildPhase;
			buildActionMask = 2147483647;
			files = (
				5DE862D11F56265800A7AFB7 /* LaunchScreen.storyboard in Resources */,
				5DE862CE1F56265800A7AFB7 /* Assets.xcassets in Resources */,
				5DE862C91F56265800A7AFB7 /* Main.storyboard in Resources */,
			);
			runOnlyForDeploymentPostprocessing = 0;
		};
/* End PBXResourcesBuildPhase section */

/* Begin PBXSourcesBuildPhase section */
		5DE862BC1F56265800A7AFB7 /* Sources */ = {
			isa = PBXSourcesBuildPhase;
			buildActionMask = 2147483647;
			files = (
				5DE862DD1F56575500A7AFB7 /* CreditCardTableViewCell.swift in Sources */,
				5DE862DB1F5656B300A7AFB7 /* AddViewController.swift in Sources */,
				5DE862C41F56265800A7AFB7 /* AppDelegate.swift in Sources */,
				5DE862D91F56330200A7AFB7 /* ListViewController.swift in Sources */,
				5DE862CC1F56265800A7AFB7 /* TryBasicCoreDataSwift.xcdatamodeld in Sources */,
			);
			runOnlyForDeploymentPostprocessing = 0;
		};
/* End PBXSourcesBuildPhase section */

/* Begin PBXVariantGroup section */
		5DE862C71F56265800A7AFB7 /* Main.storyboard */ = {
			isa = PBXVariantGroup;
			children = (
				5DE862C81F56265800A7AFB7 /* Base */,
			);
			name = Main.storyboard;
			sourceTree = "<group>";
		};
		5DE862CF1F56265800A7AFB7 /* LaunchScreen.storyboard */ = {
			isa = PBXVariantGroup;
			children = (
				5DE862D01F56265800A7AFB7 /* Base */,
			);
			name = LaunchScreen.storyboard;
			sourceTree = "<group>";
		};
/* End PBXVariantGroup section */

/* Begin XCBuildConfiguration section */
		5DE862D31F56265800A7AFB7 /* Debug */ = {
			isa = XCBuildConfiguration;
			buildSettings = {
				ALWAYS_SEARCH_USER_PATHS = NO;
				CLANG_ANALYZER_NONNULL = YES;
				CLANG_ANALYZER_NUMBER_OBJECT_CONVERSION = YES_AGGRESSIVE;
				CLANG_CXX_LANGUAGE_STANDARD = "gnu++0x";
				CLANG_CXX_LIBRARY = "libc++";
				CLANG_ENABLE_MODULES = YES;
				CLANG_ENABLE_OBJC_ARC = YES;
				CLANG_WARN_BOOL_CONVERSION = YES;
				CLANG_WARN_CONSTANT_CONVERSION = YES;
				CLANG_WARN_DIRECT_OBJC_ISA_USAGE = YES_ERROR;
				CLANG_WARN_DOCUMENTATION_COMMENTS = YES;
				CLANG_WARN_EMPTY_BODY = YES;
				CLANG_WARN_ENUM_CONVERSION = YES;
				CLANG_WARN_INFINITE_RECURSION = YES;
				CLANG_WARN_INT_CONVERSION = YES;
				CLANG_WARN_OBJC_ROOT_CLASS = YES_ERROR;
				CLANG_WARN_SUSPICIOUS_MOVE = YES;
				CLANG_WARN_UNREACHABLE_CODE = YES;
				CLANG_WARN__DUPLICATE_METHOD_MATCH = YES;
				"CODE_SIGN_IDENTITY[sdk=iphoneos*]" = "iPhone Developer";
				COPY_PHASE_STRIP = NO;
				DEBUG_INFORMATION_FORMAT = dwarf;
				ENABLE_STRICT_OBJC_MSGSEND = YES;
				ENABLE_TESTABILITY = YES;
				GCC_C_LANGUAGE_STANDARD = gnu99;
				GCC_DYNAMIC_NO_PIC = NO;
				GCC_NO_COMMON_BLOCKS = YES;
				GCC_OPTIMIZATION_LEVEL = 0;
				GCC_PREPROCESSOR_DEFINITIONS = (
					"DEBUG=1",
					"$(inherited)",
				);
				GCC_WARN_64_TO_32_BIT_CONVERSION = YES;
				GCC_WARN_ABOUT_RETURN_TYPE = YES_ERROR;
				GCC_WARN_UNDECLARED_SELECTOR = YES;
				GCC_WARN_UNINITIALIZED_AUTOS = YES_AGGRESSIVE;
				GCC_WARN_UNUSED_FUNCTION = YES;
				GCC_WARN_UNUSED_VARIABLE = YES;
				IPHONEOS_DEPLOYMENT_TARGET = 10.3;
				MTL_ENABLE_DEBUG_INFO = YES;
				ONLY_ACTIVE_ARCH = YES;
				SDKROOT = iphoneos;
				SWIFT_ACTIVE_COMPILATION_CONDITIONS = DEBUG;
				SWIFT_OPTIMIZATION_LEVEL = "-Onone";
			};
			name = Debug;
		};
		5DE862D41F56265800A7AFB7 /* Release */ = {
			isa = XCBuildConfiguration;
			buildSettings = {
				ALWAYS_SEARCH_USER_PATHS = NO;
				CLANG_ANALYZER_NONNULL = YES;
				CLANG_ANALYZER_NUMBER_OBJECT_CONVERSION = YES_AGGRESSIVE;
				CLANG_CXX_LANGUAGE_STANDARD = "gnu++0x";
				CLANG_CXX_LIBRARY = "libc++";
				CLANG_ENABLE_MODULES = YES;
				CLANG_ENABLE_OBJC_ARC = YES;
				CLANG_WARN_BOOL_CONVERSION = YES;
				CLANG_WARN_CONSTANT_CONVERSION = YES;
				CLANG_WARN_DIRECT_OBJC_ISA_USAGE = YES_ERROR;
				CLANG_WARN_DOCUMENTATION_COMMENTS = YES;
				CLANG_WARN_EMPTY_BODY = YES;
				CLANG_WARN_ENUM_CONVERSION = YES;
				CLANG_WARN_INFINITE_RECURSION = YES;
				CLANG_WARN_INT_CONVERSION = YES;
				CLANG_WARN_OBJC_ROOT_CLASS = YES_ERROR;
				CLANG_WARN_SUSPICIOUS_MOVE = YES;
				CLANG_WARN_UNREACHABLE_CODE = YES;
				CLANG_WARN__DUPLICATE_METHOD_MATCH = YES;
				"CODE_SIGN_IDENTITY[sdk=iphoneos*]" = "iPhone Developer";
				COPY_PHASE_STRIP = NO;
				DEBUG_INFORMATION_FORMAT = "dwarf-with-dsym";
				ENABLE_NS_ASSERTIONS = NO;
				ENABLE_STRICT_OBJC_MSGSEND = YES;
				GCC_C_LANGUAGE_STANDARD = gnu99;
				GCC_NO_COMMON_BLOCKS = YES;
				GCC_WARN_64_TO_32_BIT_CONVERSION = YES;
				GCC_WARN_ABOUT_RETURN_TYPE = YES_ERROR;
				GCC_WARN_UNDECLARED_SELECTOR = YES;
				GCC_WARN_UNINITIALIZED_AUTOS = YES_AGGRESSIVE;
				GCC_WARN_UNUSED_FUNCTION = YES;
				GCC_WARN_UNUSED_VARIABLE = YES;
				IPHONEOS_DEPLOYMENT_TARGET = 10.3;
				MTL_ENABLE_DEBUG_INFO = NO;
				SDKROOT = iphoneos;
				SWIFT_OPTIMIZATION_LEVEL = "-Owholemodule";
				VALIDATE_PRODUCT = YES;
			};
			name = Release;
		};
		5DE862D61F56265800A7AFB7 /* Debug */ = {
			isa = XCBuildConfiguration;
			buildSettings = {
				ASSETCATALOG_COMPILER_APPICON_NAME = AppIcon;
				DEVELOPMENT_TEAM = RD3D64KZ4A;
				INFOPLIST_FILE = TryBasicCoreDataSwift/Info.plist;
				LD_RUNPATH_SEARCH_PATHS = "$(inherited) @executable_path/Frameworks";
				PRODUCT_BUNDLE_IDENTIFIER = PK.TryBasicCoreDataSwift;
				PRODUCT_NAME = "$(TARGET_NAME)";
				SWIFT_VERSION = 3.0;
			};
			name = Debug;
		};
		5DE862D71F56265800A7AFB7 /* Release */ = {
			isa = XCBuildConfiguration;
			buildSettings = {
				ASSETCATALOG_COMPILER_APPICON_NAME = AppIcon;
				DEVELOPMENT_TEAM = RD3D64KZ4A;
				INFOPLIST_FILE = TryBasicCoreDataSwift/Info.plist;
				LD_RUNPATH_SEARCH_PATHS = "$(inherited) @executable_path/Frameworks";
				PRODUCT_BUNDLE_IDENTIFIER = PK.TryBasicCoreDataSwift;
				PRODUCT_NAME = "$(TARGET_NAME)";
				SWIFT_VERSION = 3.0;
			};
			name = Release;
		};
/* End XCBuildConfiguration section */

/* Begin XCConfigurationList section */
		5DE862BB1F56265700A7AFB7 /* Build configuration list for PBXProject "TryBasicCoreDataSwift" */ = {
			isa = XCConfigurationList;
			buildConfigurations = (
				5DE862D31F56265800A7AFB7 /* Debug */,
				5DE862D41F56265800A7AFB7 /* Release */,
			);
			defaultConfigurationIsVisible = 0;
			defaultConfigurationName = Release;
		};
		5DE862D51F56265800A7AFB7 /* Build configuration list for PBXNativeTarget "TryBasicCoreDataSwift" */ = {
			isa = XCConfigurationList;
			buildConfigurations = (
				5DE862D61F56265800A7AFB7 /* Debug */,
				5DE862D71F56265800A7AFB7 /* Release */,
			);
			defaultConfigurationIsVisible = 0;
		};
/* End XCConfigurationList section */

/* Begin XCVersionGroup section */
		5DE862CA1F56265800A7AFB7 /* TryBasicCoreDataSwift.xcdatamodeld */ = {
			isa = XCVersionGroup;
			children = (
				5DE862CB1F56265800A7AFB7 /* TryBasicCoreDataSwift.xcdatamodel */,
			);
			currentVersion = 5DE862CB1F56265800A7AFB7 /* TryBasicCoreDataSwift.xcdatamodel */;
			path = TryBasicCoreDataSwift.xcdatamodeld;
			sourceTree = "<group>";
			versionGroupType = wrapper.xcdatamodel;
		};
/* End XCVersionGroup section */
	};
	rootObject = 5DE862B81F56265700A7AFB7 /* Project object */;
}
